
Microsoft Visual Studio Solution File, Format Version 12.00
# Visual Studio 14
VisualStudioVersion = 14.0.23107.0
MinimumVisualStudioVersion = 10.0.40219.1
Project("{FAE04EC0-301F-11D3-BF4B-00C04F79EFBC}") = "WebShopUIPro", "WebShopUIPro\WebShopUIPro.csproj", "{651FE362-2EBB-42BC-900D-E38118C09508}"
EndProject
Project("{FAE04EC0-301F-11D3-BF4B-00C04F79EFBC}") = "WebShopDbPro", "WebShopDbPro\WebShopDbPro.csproj", "{75443F35-2DFF-42FF-8762-969DCEDFCC6E}"
EndProject
Global
	GlobalSection(SolutionConfigurationPlatforms) = preSolution
		Debug|Any CPU = Debug|Any CPU
		Release|Any CPU = Release|Any CPU
	EndGlobalSection
	GlobalSection(ProjectConfigurationPlatforms) = postSolution
		{651FE362-2EBB-42BC-900D-E38118C09508}.Debug|Any CPU.ActiveCfg = Debug|Any CPU
		{651FE362-2EBB-42BC-900D-E38118C09508}.Debug|Any CPU.Build.0 = Debug|Any CPU
		{651FE362-2EBB-42BC-900D-E38118C09508}.Release|Any CPU.ActiveCfg = Release|Any CPU
		{651FE362-2EBB-42BC-900D-E38118C09508}.Release|Any CPU.Build.0 = Release|Any CPU
		{75443F35-2DFF-42FF-8762-969DCEDFCC6E}.Debug|Any CPU.ActiveCfg = Debug|Any CPU
		{75443F35-2DFF-42FF-8762-969DCEDFCC6E}.Debug|Any CPU.Build.0 = Debug|Any CPU
		{75443F35-2DFF-42FF-8762-969DCEDFCC6E}.Release|Any CPU.ActiveCfg = Release|Any CPU
		{75443F35-2DFF-42FF-8762-969DCEDFCC6E}.Release|Any CPU.Build.0 = Release|Any CPU
	EndGlobalSection
	GlobalSection(SolutionProperties) = preSolution
		HideSolutionNode = FALSE
	EndGlobalSection
EndGlobal
